
Microsoft Visual Studio Solution File, Format Version 12.00
# Visual Studio 15
VisualStudioVersion = 15.0.26730.16
MinimumVisualStudioVersion = 15.0.26124.0
Project("{2150E333-8FDC-42A3-9474-1A3956D46DE8}") = "src", "src", "{4EBD8999-2597-44F3-AC22-5CA670447506}"
EndProject
Project("{2150E333-8FDC-42A3-9474-1A3956D46DE8}") = "0 - UI.Site", "0 - UI.Site", "{EA969C75-5C2B-4F32-8161-A8B2C1DC42DA}"
EndProject
Project("{2150E333-8FDC-42A3-9474-1A3956D46DE8}") = "1 - WebApi", "1 - WebApi", "{EF87A8C9-4F70-46E7-9B89-DFCEC6A3EAF5}"
EndProject
Project("{2150E333-8FDC-42A3-9474-1A3956D46DE8}") = "2 - Application", "2 - Application", "{C994F9E7-3F74-4983-8C20-05CC8F73EEFB}"
EndProject
Project("{2150E333-8FDC-42A3-9474-1A3956D46DE8}") = "3 - Domain", "3 - Domain", "{9C85A6F7-7CF1-4DA0-B170-41C4428A1508}"
EndProject
Project("{2150E333-8FDC-42A3-9474-1A3956D46DE8}") = "4 - Infra", "4 - Infra", "{6CE6433B-872B-4190-9699-DC313A39D079}"
EndProject
Project("{9A19103F-16F7-4668-BE54-9A1E7A4F7556}") = "GameStore.WebApi", "src\1 - WebApi\GameStore.WebApi\GameStore.WebApi.csproj", "{6C63F5EE-A79B-4248-BC08-DE0880A04D4D}"
EndProject
Project("{9A19103F-16F7-4668-BE54-9A1E7A4F7556}") = "GameStore.Application", "src\2 - Application\GameStore.Application\GameStore.Application.csproj", "{E8D8D523-D706-4B1B-B0E1-3E8BB5FC9157}"
EndProject
Project("{9A19103F-16F7-4668-BE54-9A1E7A4F7556}") = "GameStore.Domain", "src\3 - Domain\GameStore.Domain\GameStore.Domain.csproj", "{A98498A3-F0E6-4B92-942A-3ED53873F0F2}"
EndProject
Project("{9A19103F-16F7-4668-BE54-9A1E7A4F7556}") = "GameStore.Infra.CrossCutting.IoC", "src\4 - Infra\GameStore.Infra.CrossCutting.IoC\GameStore.Infra.CrossCutting.IoC.csproj", "{185C3567-A056-4530-B32C-1260D1C30A96}"
EndProject
Project("{9A19103F-16F7-4668-BE54-9A1E7A4F7556}") = "GameStore.Infra.Data", "src\4 - Infra\GameStore.Infra.Data\GameStore.Infra.Data.csproj", "{445CFE8A-016C-4A82-889E-A4D07957B519}"
EndProject
Project("{2150E333-8FDC-42A3-9474-1A3956D46DE8}") = "Solution Items", "Solution Items", "{18085C90-AA04-44C2-A622-896EC0FD42B0}"
	ProjectSection(SolutionItems) = preProject
		.gitignore = .gitignore
	EndProjectSection
EndProject
Global
	GlobalSection(SolutionConfigurationPlatforms) = preSolution
		Debug|Any CPU = Debug|Any CPU
		Release|Any CPU = Release|Any CPU
	EndGlobalSection
	GlobalSection(ProjectConfigurationPlatforms) = postSolution
		{6C63F5EE-A79B-4248-BC08-DE0880A04D4D}.Debug|Any CPU.ActiveCfg = Debug|Any CPU
		{6C63F5EE-A79B-4248-BC08-DE0880A04D4D}.Debug|Any CPU.Build.0 = Debug|Any CPU
		{6C63F5EE-A79B-4248-BC08-DE0880A04D4D}.Release|Any CPU.ActiveCfg = Release|Any CPU
		{6C63F5EE-A79B-4248-BC08-DE0880A04D4D}.Release|Any CPU.Build.0 = Release|Any CPU
		{E8D8D523-D706-4B1B-B0E1-3E8BB5FC9157}.Debug|Any CPU.ActiveCfg = Debug|Any CPU
		{E8D8D523-D706-4B1B-B0E1-3E8BB5FC9157}.Debug|Any CPU.Build.0 = Debug|Any CPU
		{E8D8D523-D706-4B1B-B0E1-3E8BB5FC9157}.Release|Any CPU.ActiveCfg = Release|Any CPU
		{E8D8D523-D706-4B1B-B0E1-3E8BB5FC9157}.Release|Any CPU.Build.0 = Release|Any CPU
		{A98498A3-F0E6-4B92-942A-3ED53873F0F2}.Debug|Any CPU.ActiveCfg = Debug|Any CPU
		{A98498A3-F0E6-4B92-942A-3ED53873F0F2}.Debug|Any CPU.Build.0 = Debug|Any CPU
		{A98498A3-F0E6-4B92-942A-3ED53873F0F2}.Release|Any CPU.ActiveCfg = Release|Any CPU
		{A98498A3-F0E6-4B92-942A-3ED53873F0F2}.Release|Any CPU.Build.0 = Release|Any CPU
		{185C3567-A056-4530-B32C-1260D1C30A96}.Debug|Any CPU.ActiveCfg = Debug|Any CPU
		{185C3567-A056-4530-B32C-1260D1C30A96}.Debug|Any CPU.Build.0 = Debug|Any CPU
		{185C3567-A056-4530-B32C-1260D1C30A96}.Release|Any CPU.ActiveCfg = Release|Any CPU
		{185C3567-A056-4530-B32C-1260D1C30A96}.Release|Any CPU.Build.0 = Release|Any CPU
		{445CFE8A-016C-4A82-889E-A4D07957B519}.Debug|Any CPU.ActiveCfg = Debug|Any CPU
		{445CFE8A-016C-4A82-889E-A4D07957B519}.Debug|Any CPU.Build.0 = Debug|Any CPU
		{445CFE8A-016C-4A82-889E-A4D07957B519}.Release|Any CPU.ActiveCfg = Release|Any CPU
		{445CFE8A-016C-4A82-889E-A4D07957B519}.Release|Any CPU.Build.0 = Release|Any CPU
	EndGlobalSection
	GlobalSection(SolutionProperties) = preSolution
		HideSolutionNode = FALSE
	EndGlobalSection
	GlobalSection(NestedProjects) = preSolution
		{EA969C75-5C2B-4F32-8161-A8B2C1DC42DA} = {4EBD8999-2597-44F3-AC22-5CA670447506}
		{EF87A8C9-4F70-46E7-9B89-DFCEC6A3EAF5} = {4EBD8999-2597-44F3-AC22-5CA670447506}
		{C994F9E7-3F74-4983-8C20-05CC8F73EEFB} = {4EBD8999-2597-44F3-AC22-5CA670447506}
		{9C85A6F7-7CF1-4DA0-B170-41C4428A1508} = {4EBD8999-2597-44F3-AC22-5CA670447506}
		{6CE6433B-872B-4190-9699-DC313A39D079} = {4EBD8999-2597-44F3-AC22-5CA670447506}
		{6C63F5EE-A79B-4248-BC08-DE0880A04D4D} = {EF87A8C9-4F70-46E7-9B89-DFCEC6A3EAF5}
		{E8D8D523-D706-4B1B-B0E1-3E8BB5FC9157} = {C994F9E7-3F74-4983-8C20-05CC8F73EEFB}
		{A98498A3-F0E6-4B92-942A-3ED53873F0F2} = {9C85A6F7-7CF1-4DA0-B170-41C4428A1508}
		{185C3567-A056-4530-B32C-1260D1C30A96} = {6CE6433B-872B-4190-9699-DC313A39D079}
		{445CFE8A-016C-4A82-889E-A4D07957B519} = {6CE6433B-872B-4190-9699-DC313A39D079}
	EndGlobalSection
	GlobalSection(ExtensibilityGlobals) = postSolution
		SolutionGuid = {F57FF923-02F9-4C28-A25D-4AE8F9F7B158}
	EndGlobalSection
EndGlobal
